# THIS IS AN AUTOGENERATED FILE. DO NOT EDIT THIS FILE DIRECTLY.
# yarn lockfile v1


husky@^8.0.1:
  version "8.0.1"
  resolved "https://registry.yarnpkg.com/husky/-/husky-8.0.1.tgz#511cb3e57de3e3190514ae49ed50f6bc3f50b3e9"
  integrity sha512-xs7/chUH/CKdOCs7Zy0Aev9e/dKOMZf3K1Az1nar3tzlv0jfqnYtu235bstsWTmXOR0EfINrPa97yy4Lz6RiKw==

prettier@^2.7.1:
  version "2.7.1"
  resolved "https://registry.yarnpkg.com/prettier/-/prettier-2.7.1.tgz#e235806850d057f97bb08368a4f7d899f7760c64"
  integrity sha512-ujppO+MkdPqoVINuDFDRLClm7D78qbDt0/NR+wp5FqEZOoTNAjPHWj17QRhu7geIHJfcNhRk1XVQmF8Bp3ye+g==

turbo-darwin-64@1.5.5:
  version "1.5.5"
  resolved "https://registry.yarnpkg.com/turbo-darwin-64/-/turbo-darwin-64-1.5.5.tgz#710d4e7999066bd4f500456f7cd1c30f6e6205ed"
  integrity sha512-HvEn6P2B+NXDekq9LRpRgUjcT9/oygLTcK47U0qsAJZXRBSq/2hvD7lx4nAwgY/4W3rhYJeWtHTzbhoN6BXqGQ==

turbo-darwin-arm64@1.5.5:
  version "1.5.5"
  resolved "https://registry.yarnpkg.com/turbo-darwin-arm64/-/turbo-darwin-arm64-1.5.5.tgz#f7955a800e945ab110e8a6e23f60a2b9795296ab"
  integrity sha512-Dmxr09IUy6M0nc7/xWod9galIO2DD500B75sJSkHeT+CCdJOWnlinux0ZPF8CSygNqymwYO8AO2l15/6yxcycg==

turbo-linux-64@1.5.5:
  version "1.5.5"
  resolved "https://registry.yarnpkg.com/turbo-linux-64/-/turbo-linux-64-1.5.5.tgz#f31eb117a9b605f5731048c50473bff903850047"
  integrity sha512-wd07TZ4zXXWjzZE00FcFMLmkybQQK/NV9ff66vvAV0vdiuacSMBCNLrD6Mm4ncfrUPW/rwFW5kU/7hyuEqqtDw==

turbo-linux-arm64@1.5.5:
  version "1.5.5"
  resolved "https://registry.yarnpkg.com/turbo-linux-arm64/-/turbo-linux-arm64-1.5.5.tgz#b9ce6912ae6477e829355d6f012500bfef58669d"
  integrity sha512-q3q33tuo74R7gicnfvFbnZZvqmlq7Vakcvx0eshifnJw4PR+oMnTCb4w8ElVFx070zsb8DVTibq99y8NJH8T1Q==

turbo-windows-64@1.5.5:
  version "1.5.5"
  resolved "https://registry.yarnpkg.com/turbo-windows-64/-/turbo-windows-64-1.5.5.tgz#609098de3bc6178f733615d21b06d5c1602637eb"
  integrity sha512-lPp9kHonNFfqgovbaW+UAPO5cLmoAN+m3G3FzqcrRPnlzt97vXYsDhDd/4Zy3oAKoAcprtP4CGy0ddisqsKTVw==

turbo-windows-arm64@1.5.5:
  version "1.5.5"
  resolved "https://registry.yarnpkg.com/turbo-windows-arm64/-/turbo-windows-arm64-1.5.5.tgz#60522e1e347a54c64bdddb68089fc322ee19c3d7"
  integrity sha512-3AfGULKNZiZVrEzsIE+W79ZRW1+f5r4nM4wLlJ1PTBHyRxBZdD6KTH1tijGfy/uTlcV5acYnKHEkDc6Q9PAXGQ==

turbo@^1.4.6:
  version "1.5.5"
  resolved "https://registry.yarnpkg.com/turbo/-/turbo-1.5.5.tgz#9fc3a917c914ffa113c260a4eadb4bc632eee227"
  integrity sha512-PVQSDl0STC9WXIyHcYUWs9gXsf8JjQig/FuHfuB8N6+XlgCGB3mPbfMEE6zrChGz2hufH4/guKRX1XJuNL6XTA==
  optionalDependencies:
    turbo-darwin-64 "1.5.5"
    turbo-darwin-arm64 "1.5.5"
    turbo-linux-64 "1.5.5"
    turbo-linux-arm64 "1.5.5"
    turbo-windows-64 "1.5.5"
    turbo-windows-arm64 "1.5.5"
